// !$*UTF8*$!
{
	archiveVersion = 1;
	classes = {
	};
	objectVersion = 46;
	objects = {

/* Begin PBXBuildFile section */
		033FE8721B4CFA6900AE7759 /* ruby.png in Resources */ = {isa = PBXBuildFile; fileRef = 033FE8711B4CFA6900AE7759 /* ruby.png */; };
		0353E7501B4CBFDE0005C13B /* main.m in Sources */ = {isa = PBXBuildFile; fileRef = 0353E74F1B4CBFDE0005C13B /* main.m */; };
		0353E7531B4CBFDE0005C13B /* AppDelegate.m in Sources */ = {isa = PBXBuildFile; fileRef = 0353E7521B4CBFDE0005C13B /* AppDelegate.m */; };
		0353E7561B4CBFDE0005C13B /* ViewController.m in Sources */ = {isa = PBXBuildFile; fileRef = 0353E7551B4CBFDE0005C13B /* ViewController.m */; };
		0353E7591B4CBFDE0005C13B /* Main.storyboard in Resources */ = {isa = PBXBuildFile; fileRef = 0353E7571B4CBFDE0005C13B /* Main.storyboard */; };
		0353E75B1B4CBFDE0005C13B /* Images.xcassets in Resources */ = {isa = PBXBuildFile; fileRef = 0353E75A1B4CBFDE0005C13B /* Images.xcassets */; };
		0353E75E1B4CBFDE0005C13B /* LaunchScreen.xib in Resources */ = {isa = PBXBuildFile; fileRef = 0353E75C1B4CBFDE0005C13B /* LaunchScreen.xib */; };
		0353E76A1B4CBFDF0005C13B /* IamRickTests.m in Sources */ = {isa = PBXBuildFile; fileRef = 0353E7691B4CBFDF0005C13B /* IamRickTests.m */; };
/* End PBXBuildFile section */

/* Begin PBXContainerItemProxy section */
		0353E7641B4CBFDF0005C13B /* PBXContainerItemProxy */ = {
			isa = PBXContainerItemProxy;
			containerPortal = 0353E7421B4CBFDE0005C13B /* Project object */;
			proxyType = 1;
			remoteGlobalIDString = 0353E7491B4CBFDE0005C13B;
			remoteInfo = IamRick;
		};
/* End PBXContainerItemProxy section */

/* Begin PBXFileReference section */
		033FE8711B4CFA6900AE7759 /* ruby.png */ = {isa = PBXFileReference; lastKnownFileType = image.png; path = ruby.png; sourceTree = "<group>"; };
		0353E74A1B4CBFDE0005C13B /* IamRick.app */ = {isa = PBXFileReference; explicitFileType = wrapper.application; includeInIndex = 0; path = IamRick.app; sourceTree = BUILT_PRODUCTS_DIR; };
		0353E74E1B4CBFDE0005C13B /* Info.plist */ = {isa = PBXFileReference; lastKnownFileType = text.plist.xml; path = Info.plist; sourceTree = "<group>"; };
		0353E74F1B4CBFDE0005C13B /* main.m */ = {isa = PBXFileReference; lastKnownFileType = sourcecode.c.objc; path = main.m; sourceTree = "<group>"; };
		0353E7511B4CBFDE0005C13B /* AppDelegate.h */ = {isa = PBXFileReference; lastKnownFileType = sourcecode.c.h; path = AppDelegate.h; sourceTree = "<group>"; };
		0353E7521B4CBFDE0005C13B /* AppDelegate.m */ = {isa = PBXFileReference; lastKnownFileType = sourcecode.c.objc; path = AppDelegate.m; sourceTree = "<group>"; };
		0353E7541B4CBFDE0005C13B /* ViewController.h */ = {isa = PBXFileReference; lastKnownFileType = sourcecode.c.h; path = ViewController.h; sourceTree = "<group>"; };
		0353E7551B4CBFDE0005C13B /* ViewController.m */ = {isa = PBXFileReference; lastKnownFileType = sourcecode.c.objc; path = ViewController.m; sourceTree = "<group>"; };
		0353E7581B4CBFDE0005C13B /* Base */ = {isa = PBXFileReference; lastKnownFileType = file.storyboard; name = Base; path = Base.lproj/Main.storyboard; sourceTree = "<group>"; };
		0353E75A1B4CBFDE0005C13B /* Images.xcassets */ = {isa = PBXFileReference; lastKnownFileType = folder.assetcatalog; path = Images.xcassets; sourceTree = "<group>"; };
		0353E75D1B4CBFDE0005C13B /* Base */ = {isa = PBXFileReference; lastKnownFileType = file.xib; name = Base; path = Base.lproj/LaunchScreen.xib; sourceTree = "<group>"; };
		0353E7631B4CBFDF0005C13B /* IamRickTests.xctest */ = {isa = PBXFileReference; explicitFileType = wrapper.cfbundle; includeInIndex = 0; path = IamRickTests.xctest; sourceTree = BUILT_PRODUCTS_DIR; };
		0353E7681B4CBFDF0005C13B /* Info.plist */ = {isa = PBXFileReference; lastKnownFileType = text.plist.xml; path = Info.plist; sourceTree = "<group>"; };
		0353E7691B4CBFDF0005C13B /* IamRickTests.m */ = {isa = PBXFileReference; lastKnownFileType = sourcecode.c.objc; path = IamRickTests.m; sourceTree = "<group>"; };
/* End PBXFileReference section */

/* Begin PBXFrameworksBuildPhase section */
		0353E7471B4CBFDE0005C13B /* Frameworks */ = {
			isa = PBXFrameworksBuildPhase;
			buildActionMask = 2147483647;
			files = (
			);
			runOnlyForDeploymentPostprocessing = 0;
		};
		0353E7601B4CBFDF0005C13B /* Frameworks */ = {
			isa = PBXFrameworksBuildPhase;
			buildActionMask = 2147483647;
			files = (
			);
			runOnlyForDeploymentPostprocessing = 0;
		};
/* End PBXFrameworksBuildPhase section */

/* Begin PBXGroup section */
		0353E7411B4CBFDE0005C13B = {
			isa = PBXGroup;
			children = (
				0353E74C1B4CBFDE0005C13B /* IamRick */,
				0353E7661B4CBFDF0005C13B /* IamRickTests */,
				0353E74B1B4CBFDE0005C13B /* Products */,
			);
			sourceTree = "<group>";
		};
		0353E74B1B4CBFDE0005C13B /* Products */ = {
			isa = PBXGroup;
			children = (
				0353E74A1B4CBFDE0005C13B /* IamRick.app */,
				0353E7631B4CBFDF0005C13B /* IamRickTests.xctest */,
			);
			name = Products;
			sourceTree = "<group>";
		};
		0353E74C1B4CBFDE0005C13B /* IamRick */ = {
			isa = PBXGroup;
			children = (
				0353E7731B4CC0520005C13B /* images */,
				0353E7511B4CBFDE0005C13B /* AppDelegate.h */,
				0353E7521B4CBFDE0005C13B /* AppDelegate.m */,
				0353E7541B4CBFDE0005C13B /* ViewController.h */,
				0353E7551B4CBFDE0005C13B /* ViewController.m */,
				0353E7571B4CBFDE0005C13B /* Main.storyboard */,
				0353E75A1B4CBFDE0005C13B /* Images.xcassets */,
				0353E75C1B4CBFDE0005C13B /* LaunchScreen.xib */,
				0353E74D1B4CBFDE0005C13B /* Supporting Files */,
			);
			path = IamRick;
			sourceTree = "<group>";
		};
		0353E74D1B4CBFDE0005C13B /* Supporting Files */ = {
			isa = PBXGroup;
			children = (
				0353E74E1B4CBFDE0005C13B /* Info.plist */,
				0353E74F1B4CBFDE0005C13B /* main.m */,
			);
			name = "Supporting Files";
			sourceTree = "<group>";
		};
		0353E7661B4CBFDF0005C13B /* IamRickTests */ = {
			isa = PBXGroup;
			children = (
				0353E7691B4CBFDF0005C13B /* IamRickTests.m */,
				0353E7671B4CBFDF0005C13B /* Supporting Files */,
			);
			path = IamRickTests;
			sourceTree = "<group>";
		};
		0353E7671B4CBFDF0005C13B /* Supporting Files */ = {
			isa = PBXGroup;
			children = (
				0353E7681B4CBFDF0005C13B /* Info.plist */,
			);
			name = "Supporting Files";
			sourceTree = "<group>";
		};
		0353E7731B4CC0520005C13B /* images */ = {
			isa = PBXGroup;
			children = (
				033FE8711B4CFA6900AE7759 /* ruby.png */,
			);
			name = images;
			sourceTree = "<group>";
		};
/* End PBXGroup section */

/* Begin PBXNativeTarget section */
		0353E7491B4CBFDE0005C13B /* IamRick */ = {
			isa = PBXNativeTarget;
			buildConfigurationList = 0353E76D1B4CBFDF0005C13B /* Build configuration list for PBXNativeTarget "IamRick" */;
			buildPhases = (
				0353E7461B4CBFDE0005C13B /* Sources */,
				0353E7471B4CBFDE0005C13B /* Frameworks */,
				0353E7481B4CBFDE0005C13B /* Resources */,
			);
			buildRules = (
			);
			dependencies = (
			);
			name = IamRick;
			productName = IamRick;
			productReference = 0353E74A1B4CBFDE0005C13B /* IamRick.app */;
			productType = "com.apple.product-type.application";
		};
		0353E7621B4CBFDF0005C13B /* IamRickTests */ = {
			isa = PBXNativeTarget;
			buildConfigurationList = 0353E7701B4CBFDF0005C13B /* Build configuration list for PBXNativeTarget "IamRickTests" */;
			buildPhases = (
				0353E75F1B4CBFDF0005C13B /* Sources */,
				0353E7601B4CBFDF0005C13B /* Frameworks */,
				0353E7611B4CBFDF0005C13B /* Resources */,
			);
			buildRules = (
			);
			dependencies = (
				0353E7651B4CBFDF0005C13B /* PBXTargetDependency */,
			);
			name = IamRickTests;
			productName = IamRickTests;
			productReference = 0353E7631B4CBFDF0005C13B /* IamRickTests.xctest */;
			productType = "com.apple.product-type.bundle.unit-test";
		};
/* End PBXNativeTarget section */

/* Begin PBXProject section */
		0353E7421B4CBFDE0005C13B /* Project object */ = {
			isa = PBXProject;
			attributes = {
				LastUpgradeCheck = 0630;
				ORGANIZATIONNAME = Khanh;
				TargetAttributes = {
					0353E7491B4CBFDE0005C13B = {
						CreatedOnToolsVersion = 6.3.2;
					};
					0353E7621B4CBFDF0005C13B = {
						CreatedOnToolsVersion = 6.3.2;
						TestTargetID = 0353E7491B4CBFDE0005C13B;
					};
				};
			};
			buildConfigurationList = 0353E7451B4CBFDE0005C13B /* Build configuration list for PBXProject "IamRick" */;
			compatibilityVersion = "Xcode 3.2";
			developmentRegion = English;
			hasScannedForEncodings = 0;
			knownRegions = (
				en,
				Base,
			);
			mainGroup = 0353E7411B4CBFDE0005C13B;
			productRefGroup = 0353E74B1B4CBFDE0005C13B /* Products */;
			projectDirPath = "";
			projectRoot = "";
			targets = (
				0353E7491B4CBFDE0005C13B /* IamRick */,
				0353E7621B4CBFDF0005C13B /* IamRickTests */,
			);
		};
/* End PBXProject section */

/* Begin PBXResourcesBuildPhase section */
		0353E7481B4CBFDE0005C13B /* Resources */ = {
			isa = PBXResourcesBuildPhase;
			buildActionMask = 2147483647;
			files = (
				0353E7591B4CBFDE0005C13B /* Main.storyboard in Resources */,
				033FE8721B4CFA6900AE7759 /* ruby.png in Resources */,
				0353E75E1B4CBFDE0005C13B /* LaunchScreen.xib in Resources */,
				0353E75B1B4CBFDE0005C13B /* Images.xcassets in Resources */,
			);
			runOnlyForDeploymentPostprocessing = 0;
		};
		0353E7611B4CBFDF0005C13B /* Resources */ = {
			isa = PBXResourcesBuildPhase;
			buildActionMask = 2147483647;
			files = (
			);
			runOnlyForDeploymentPostprocessing = 0;
		};
/* End PBXResourcesBuildPhase section */

/* Begin PBXSourcesBuildPhase section */
		0353E7461B4CBFDE0005C13B /* Sources */ = {
			isa = PBXSourcesBuildPhase;
			buildActionMask = 2147483647;
			files = (
				0353E7561B4CBFDE0005C13B /* ViewController.m in Sources */,
				0353E7531B4CBFDE0005C13B /* AppDelegate.m in Sources */,
				0353E7501B4CBFDE0005C13B /* main.m in Sources */,
			);
			runOnlyForDeploymentPostprocessing = 0;
		};
		0353E75F1B4CBFDF0005C13B /* Sources */ = {
			isa = PBXSourcesBuildPhase;
			buildActionMask = 2147483647;
			files = (
				0353E76A1B4CBFDF0005C13B /* IamRickTests.m in Sources */,
			);
			runOnlyForDeploymentPostprocessing = 0;
		};
/* End PBXSourcesBuildPhase section */

/* Begin PBXTargetDependency section */
		0353E7651B4CBFDF0005C13B /* PBXTargetDependency */ = {
			isa = PBXTargetDependency;
			target = 0353E7491B4CBFDE0005C13B /* IamRick */;
			targetProxy = 0353E7641B4CBFDF0005C13B /* PBXContainerItemProxy */;
		};
/* End PBXTargetDependency section */

/* Begin PBXVariantGroup section */
		0353E7571B4CBFDE0005C13B /* Main.storyboard */ = {
			isa = PBXVariantGroup;
			children = (
				0353E7581B4CBFDE0005C13B /* Base */,
			);
			name = Main.storyboard;
			sourceTree = "<group>";
		};
		0353E75C1B4CBFDE0005C13B /* LaunchScreen.xib */ = {
			isa = PBXVariantGroup;
			children = (
				0353E75D1B4CBFDE0005C13B /* Base */,
			);
			name = LaunchScreen.xib;
			sourceTree = "<group>";
		};
/* End PBXVariantGroup section */

/* Begin XCBuildConfiguration section */
		0353E76B1B4CBFDF0005C13B /* Debug */ = {
			isa = XCBuildConfiguration;
			buildSettings = {
				ALWAYS_SEARCH_USER_PATHS = NO;
				CLANG_CXX_LANGUAGE_STANDARD = "gnu++0x";
				CLANG_CXX_LIBRARY = "libc++";
				CLANG_ENABLE_MODULES = YES;
				CLANG_ENABLE_OBJC_ARC = YES;
				CLANG_WARN_BOOL_CONVERSION = YES;
				CLANG_WARN_CONSTANT_CONVERSION = YES;
				CLANG_WARN_DIRECT_OBJC_ISA_USAGE = YES_ERROR;
				CLANG_WARN_EMPTY_BODY = YES;
				CLANG_WARN_ENUM_CONVERSION = YES;
				CLANG_WARN_INT_CONVERSION = YES;
				CLANG_WARN_OBJC_ROOT_CLASS = YES_ERROR;
				CLANG_WARN_UNREACHABLE_CODE = YES;
				CLANG_WARN__DUPLICATE_METHOD_MATCH = YES;
				"CODE_SIGN_IDENTITY[sdk=iphoneos*]" = "iPhone Developer";
				COPY_PHASE_STRIP = NO;
				DEBUG_INFORMATION_FORMAT = "dwarf-with-dsym";
				ENABLE_STRICT_OBJC_MSGSEND = YES;
				GCC_C_LANGUAGE_STANDARD = gnu99;
				GCC_DYNAMIC_NO_PIC = NO;
				GCC_NO_COMMON_BLOCKS = YES;
				GCC_OPTIMIZATION_LEVEL = 0;
				GCC_PREPROCESSOR_DEFINITIONS = (
					"DEBUG=1",
					"$(inherited)",
				);
				GCC_SYMBOLS_PRIVATE_EXTERN = NO;
				GCC_WARN_64_TO_32_BIT_CONVERSION = YES;
				GCC_WARN_ABOUT_RETURN_TYPE = YES_ERROR;
				GCC_WARN_UNDECLARED_SELECTOR = YES;
				GCC_WARN_UNINITIALIZED_AUTOS = YES_AGGRESSIVE;
				GCC_WARN_UNUSED_FUNCTION = YES;
				GCC_WARN_UNUSED_VARIABLE = YES;
				IPHONEOS_DEPLOYMENT_TARGET = 8.3;
				MTL_ENABLE_DEBUG_INFO = YES;
				ONLY_ACTIVE_ARCH = YES;
				SDKROOT = iphoneos;
			};
			name = Debug;
		};
		0353E76C1B4CBFDF0005C13B /* Release */ = {
			isa = XCBuildConfiguration;
			buildSettings = {
				ALWAYS_SEARCH_USER_PATHS = NO;
				CLANG_CXX_LANGUAGE_STANDARD = "gnu++0x";
				CLANG_CXX_LIBRARY = "libc++";
				CLANG_ENABLE_MODULES = YES;
				CLANG_ENABLE_OBJC_ARC = YES;
				CLANG_WARN_BOOL_CONVERSION = YES;
				CLANG_WARN_CONSTANT_CONVERSION = YES;
				CLANG_WARN_DIRECT_OBJC_ISA_USAGE = YES_ERROR;
				CLANG_WARN_EMPTY_BODY = YES;
				CLANG_WARN_ENUM_CONVERSION = YES;
				CLANG_WARN_INT_CONVERSION = YES;
				CLANG_WARN_OBJC_ROOT_CLASS = YES_ERROR;
				CLANG_WARN_UNREACHABLE_CODE = YES;
				CLANG_WARN__DUPLICATE_METHOD_MATCH = YES;
				"CODE_SIGN_IDENTITY[sdk=iphoneos*]" = "iPhone Developer";
				COPY_PHASE_STRIP = NO;
				DEBUG_INFORMATION_FORMAT = "dwarf-with-dsym";
				ENABLE_NS_ASSERTIONS = NO;
				ENABLE_STRICT_OBJC_MSGSEND = YES;
				GCC_C_LANGUAGE_STANDARD = gnu99;
				GCC_NO_COMMON_BLOCKS = YES;
				GCC_WARN_64_TO_32_BIT_CONVERSION = YES;
				GCC_WARN_ABOUT_RETURN_TYPE = YES_ERROR;
				GCC_WARN_UNDECLARED_SELECTOR = YES;
				GCC_WARN_UNINITIALIZED_AUTOS = YES_AGGRESSIVE;
				GCC_WARN_UNUSED_FUNCTION = YES;
				GCC_WARN_UNUSED_VARIABLE = YES;
				IPHONEOS_DEPLOYMENT_TARGET = 8.3;
				MTL_ENABLE_DEBUG_INFO = NO;
				SDKROOT = iphoneos;
				VALIDATE_PRODUCT = YES;
			};
			name = Release;
		};
		0353E76E1B4CBFDF0005C13B /* Debug */ = {
			isa = XCBuildConfiguration;
			buildSettings = {
				ASSETCATALOG_COMPILER_APPICON_NAME = AppIcon;
				INFOPLIST_FILE = IamRick/Info.plist;
				LD_RUNPATH_SEARCH_PATHS = "$(inherited) @executable_path/Frameworks";
				PRODUCT_NAME = "$(TARGET_NAME)";
			};
			name = Debug;
		};
		0353E76F1B4CBFDF0005C13B /* Release */ = {
			isa = XCBuildConfiguration;
			buildSettings = {
				ASSETCATALOG_COMPILER_APPICON_NAME = AppIcon;
				INFOPLIST_FILE = IamRick/Info.plist;
				LD_RUNPATH_SEARCH_PATHS = "$(inherited) @executable_path/Frameworks";
				PRODUCT_NAME = "$(TARGET_NAME)";
			};
			name = Release;
		};
		0353E7711B4CBFDF0005C13B /* Debug */ = {
			isa = XCBuildConfiguration;
			buildSettings = {
				BUNDLE_LOADER = "$(TEST_HOST)";
				FRAMEWORK_SEARCH_PATHS = (
					"$(SDKROOT)/Developer/Library/Frameworks",
					"$(inherited)",
				);
				GCC_PREPROCESSOR_DEFINITIONS = (
					"DEBUG=1",
					"$(inherited)",
				);
				INFOPLIST_FILE = IamRickTests/Info.plist;
				LD_RUNPATH_SEARCH_PATHS = "$(inherited) @executable_path/Frameworks @loader_path/Frameworks";
				PRODUCT_NAME = "$(TARGET_NAME)";
				TEST_HOST = "$(BUILT_PRODUCTS_DIR)/IamRick.app/IamRick";
			};
			name = Debug;
		};
		0353E7721B4CBFDF0005C13B /* Release */ = {
			isa = XCBuildConfiguration;
			buildSettings = {
				BUNDLE_LOADER = "$(TEST_HOST)";
				FRAMEWORK_SEARCH_PATHS = (
					"$(SDKROOT)/Developer/Library/Frameworks",
					"$(inherited)",
				);
				INFOPLIST_FILE = IamRickTests/Info.plist;
				LD_RUNPATH_SEARCH_PATHS = "$(inherited) @executable_path/Frameworks @loader_path/Frameworks";
				PRODUCT_NAME = "$(TARGET_NAME)";
				TEST_HOST = "$(BUILT_PRODUCTS_DIR)/IamRick.app/IamRick";
			};
			name = Release;
		};
/* End XCBuildConfiguration section */

/* Begin XCConfigurationList section */
		0353E7451B4CBFDE0005C13B /* Build configuration list for PBXProject "IamRick" */ = {
			isa = XCConfigurationList;
			buildConfigurations = (
				0353E76B1B4CBFDF0005C13B /* Debug */,
				0353E76C1B4CBFDF0005C13B /* Release */,
			);
			defaultConfigurationIsVisible = 0;
			defaultConfigurationName = Release;
		};
		0353E76D1B4CBFDF0005C13B /* Build configuration list for PBXNativeTarget "IamRick" */ = {
			isa = XCConfigurationList;
			buildConfigurations = (
				0353E76E1B4CBFDF0005C13B /* Debug */,
				0353E76F1B4CBFDF0005C13B /* Release */,
			);
			defaultConfigurationIsVisible = 0;
			defaultConfigurationName = Release;
		};
		0353E7701B4CBFDF0005C13B /* Build configuration list for PBXNativeTarget "IamRickTests" */ = {
			isa = XCConfigurationList;
			buildConfigurations = (
				0353E7711B4CBFDF0005C13B /* Debug */,
				0353E7721B4CBFDF0005C13B /* Release */,
			);
			defaultConfigurationIsVisible = 0;
			defaultConfigurationName = Release;
		};
/* End XCConfigurationList section */
	};
	rootObject = 0353E7421B4CBFDE0005C13B /* Project object */;
}
